// !$*UTF8*$!
{
	archiveVersion = 1;
	classes = {
	};
	objectVersion = 51;
	objects = {

/* Begin PBXBuildFile section */
		2984C0E320CC13329E8B1AAD /* Pods_FreelancersApp.framework in Frameworks */ = {isa = PBXBuildFile; fileRef = EAFDCF2532409FACB0ED7B59 /* Pods_FreelancersApp.framework */; };
		42219C2A266D662D006B52D8 /* NotificationProtocol.swift in Sources */ = {isa = PBXBuildFile; fileRef = 42219C29266D662D006B52D8 /* NotificationProtocol.swift */; };
		426C4F7F26505C56004B14B5 /* MapViewController.swift in Sources */ = {isa = PBXBuildFile; fileRef = 426C4F7E26505C56004B14B5 /* MapViewController.swift */; };
		426C4F8226505EDD004B14B5 /* TextFieldViewController.swift in Sources */ = {isa = PBXBuildFile; fileRef = 426C4F8126505EDD004B14B5 /* TextFieldViewController.swift */; };
		426C4F8526505FA2004B14B5 /* MainViewController.swift in Sources */ = {isa = PBXBuildFile; fileRef = 426C4F8426505FA2004B14B5 /* MainViewController.swift */; };
		426C4F8B265064A4004B14B5 /* MenuTableViewCell.swift in Sources */ = {isa = PBXBuildFile; fileRef = 426C4F89265064A4004B14B5 /* MenuTableViewCell.swift */; };
		426C4F8C265064A4004B14B5 /* MenuTableViewCell.xib in Resources */ = {isa = PBXBuildFile; fileRef = 426C4F8A265064A4004B14B5 /* MenuTableViewCell.xib */; };
		42B03FE9264FCF3F00CF123A /* WebViewController.swift in Sources */ = {isa = PBXBuildFile; fileRef = 42B03FE8264FCF3F00CF123A /* WebViewController.swift */; };
		42CCD2272663E8BF003782B7 /* LocationObject.swift in Sources */ = {isa = PBXBuildFile; fileRef = 42CCD2262663E8BF003782B7 /* LocationObject.swift */; };
		42CCD22B2663EE8E003782B7 /* CoreDataViewController.swift in Sources */ = {isa = PBXBuildFile; fileRef = 42CCD22A2663EE8E003782B7 /* CoreDataViewController.swift */; };
		42CCD2312663F1C1003782B7 /* CoreDataTableViewCell.swift in Sources */ = {isa = PBXBuildFile; fileRef = 42CCD22F2663F1C1003782B7 /* CoreDataTableViewCell.swift */; };
		42CCD2322663F1C1003782B7 /* CoreDataTableViewCell.xib in Resources */ = {isa = PBXBuildFile; fileRef = 42CCD2302663F1C1003782B7 /* CoreDataTableViewCell.xib */; };
		42EB144626638F680080AAF9 /* ApiViewController.swift in Sources */ = {isa = PBXBuildFile; fileRef = 42EB144526638F680080AAF9 /* ApiViewController.swift */; };
		42EB144A266391550080AAF9 /* Employee.xcdatamodeld in Sources */ = {isa = PBXBuildFile; fileRef = 42EB1448266391550080AAF9 /* Employee.xcdatamodeld */; };
		42EB144F266395630080AAF9 /* ApiTableViewCell.swift in Sources */ = {isa = PBXBuildFile; fileRef = 42EB144D266395630080AAF9 /* ApiTableViewCell.swift */; };
		42EB1450266395630080AAF9 /* ApiTableViewCell.xib in Resources */ = {isa = PBXBuildFile; fileRef = 42EB144E266395630080AAF9 /* ApiTableViewCell.xib */; };
		42EB145426639DF90080AAF9 /* EmployeeModel.swift in Sources */ = {isa = PBXBuildFile; fileRef = 42EB145326639DF90080AAF9 /* EmployeeModel.swift */; };
		42EB14572663A1970080AAF9 /* EmployeeService.swift in Sources */ = {isa = PBXBuildFile; fileRef = 42EB14562663A1970080AAF9 /* EmployeeService.swift */; };
		C47C021E2605FB31003CED80 /* AppDelegate.swift in Sources */ = {isa = PBXBuildFile; fileRef = C47C021D2605FB31003CED80 /* AppDelegate.swift */; };
		C47C02202605FB31003CED80 /* SceneDelegate.swift in Sources */ = {isa = PBXBuildFile; fileRef = C47C021F2605FB31003CED80 /* SceneDelegate.swift */; };
		C47C02222605FB31003CED80 /* ViewController.swift in Sources */ = {isa = PBXBuildFile; fileRef = C47C02212605FB31003CED80 /* ViewController.swift */; };
		C47C02252605FB31003CED80 /* Main.storyboard in Resources */ = {isa = PBXBuildFile; fileRef = C47C02232605FB31003CED80 /* Main.storyboard */; };
		C47C02272605FB3B003CED80 /* Assets.xcassets in Resources */ = {isa = PBXBuildFile; fileRef = C47C02262605FB3B003CED80 /* Assets.xcassets */; };
		C47C022A2605FB3B003CED80 /* LaunchScreen.storyboard in Resources */ = {isa = PBXBuildFile; fileRef = C47C02282605FB3B003CED80 /* LaunchScreen.storyboard */; };
		C47C02362605FD06003CED80 /* FreelancersAppViewController.swift in Sources */ = {isa = PBXBuildFile; fileRef = C47C02352605FD06003CED80 /* FreelancersAppViewController.swift */; };
		C47C02382606042D003CED80 /* SignUpViewController.swift in Sources */ = {isa = PBXBuildFile; fileRef = C47C02372606042D003CED80 /* SignUpViewController.swift */; };
		C47C023A2606089B003CED80 /* HomeViewController.swift in Sources */ = {isa = PBXBuildFile; fileRef = C47C02392606089B003CED80 /* HomeViewController.swift */; };
		F278E9CD260BB32800A91C11 /* Freelancer.swift in Sources */ = {isa = PBXBuildFile; fileRef = F278E9CC260BB32800A91C11 /* Freelancer.swift */; };
		F278E9D1260BC65200A91C11 /* FreelancerDetailsViewController.swift in Sources */ = {isa = PBXBuildFile; fileRef = F278E9D0260BC65200A91C11 /* FreelancerDetailsViewController.swift */; };
/* End PBXBuildFile section */

/* Begin PBXFileReference section */
		42219C29266D662D006B52D8 /* NotificationProtocol.swift */ = {isa = PBXFileReference; lastKnownFileType = sourcecode.swift; name = NotificationProtocol.swift; path = FreelancersApp/View/Cells/NotificationProtocol.swift; sourceTree = SOURCE_ROOT; };
		426C4F7E26505C56004B14B5 /* MapViewController.swift */ = {isa = PBXFileReference; lastKnownFileType = sourcecode.swift; path = MapViewController.swift; sourceTree = "<group>"; };
		426C4F8126505EDD004B14B5 /* TextFieldViewController.swift */ = {isa = PBXFileReference; lastKnownFileType = sourcecode.swift; path = TextFieldViewController.swift; sourceTree = "<group>"; };
		426C4F8426505FA2004B14B5 /* MainViewController.swift */ = {isa = PBXFileReference; lastKnownFileType = sourcecode.swift; path = MainViewController.swift; sourceTree = "<group>"; };
		426C4F89265064A4004B14B5 /* MenuTableViewCell.swift */ = {isa = PBXFileReference; lastKnownFileType = sourcecode.swift; path = MenuTableViewCell.swift; sourceTree = "<group>"; };
		426C4F8A265064A4004B14B5 /* MenuTableViewCell.xib */ = {isa = PBXFileReference; lastKnownFileType = file.xib; path = MenuTableViewCell.xib; sourceTree = "<group>"; };
		42B03FE8264FCF3F00CF123A /* WebViewController.swift */ = {isa = PBXFileReference; lastKnownFileType = sourcecode.swift; path = WebViewController.swift; sourceTree = "<group>"; };
		42CCD2262663E8BF003782B7 /* LocationObject.swift */ = {isa = PBXFileReference; lastKnownFileType = sourcecode.swift; path = LocationObject.swift; sourceTree = "<group>"; };
		42CCD22A2663EE8E003782B7 /* CoreDataViewController.swift */ = {isa = PBXFileReference; lastKnownFileType = sourcecode.swift; path = CoreDataViewController.swift; sourceTree = "<group>"; };
		42CCD22F2663F1C1003782B7 /* CoreDataTableViewCell.swift */ = {isa = PBXFileReference; lastKnownFileType = sourcecode.swift; path = CoreDataTableViewCell.swift; sourceTree = "<group>"; };
		42CCD2302663F1C1003782B7 /* CoreDataTableViewCell.xib */ = {isa = PBXFileReference; lastKnownFileType = file.xib; path = CoreDataTableViewCell.xib; sourceTree = "<group>"; };
		42EB144526638F680080AAF9 /* ApiViewController.swift */ = {isa = PBXFileReference; lastKnownFileType = sourcecode.swift; path = ApiViewController.swift; sourceTree = "<group>"; };
		42EB1449266391550080AAF9 /* Employee.xcdatamodel */ = {isa = PBXFileReference; lastKnownFileType = wrapper.xcdatamodel; path = Employee.xcdatamodel; sourceTree = "<group>"; };
		42EB144D266395630080AAF9 /* ApiTableViewCell.swift */ = {isa = PBXFileReference; lastKnownFileType = sourcecode.swift; path = ApiTableViewCell.swift; sourceTree = "<group>"; };
		42EB144E266395630080AAF9 /* ApiTableViewCell.xib */ = {isa = PBXFileReference; lastKnownFileType = file.xib; path = ApiTableViewCell.xib; sourceTree = "<group>"; };
		42EB145326639DF90080AAF9 /* EmployeeModel.swift */ = {isa = PBXFileReference; lastKnownFileType = sourcecode.swift; path = EmployeeModel.swift; sourceTree = "<group>"; };
		42EB14562663A1970080AAF9 /* EmployeeService.swift */ = {isa = PBXFileReference; lastKnownFileType = sourcecode.swift; path = EmployeeService.swift; sourceTree = "<group>"; };
		97619585F0B33E0FC61FE9DF /* Pods-FreelancersApp.debug.xcconfig */ = {isa = PBXFileReference; includeInIndex = 1; lastKnownFileType = text.xcconfig; name = "Pods-FreelancersApp.debug.xcconfig"; path = "Target Support Files/Pods-FreelancersApp/Pods-FreelancersApp.debug.xcconfig"; sourceTree = "<group>"; };
		C47C021A2605FB31003CED80 /* FreelancersApp.app */ = {isa = PBXFileReference; explicitFileType = wrapper.application; includeInIndex = 0; path = FreelancersApp.app; sourceTree = BUILT_PRODUCTS_DIR; };
		C47C021D2605FB31003CED80 /* AppDelegate.swift */ = {isa = PBXFileReference; lastKnownFileType = sourcecode.swift; path = AppDelegate.swift; sourceTree = "<group>"; };
		C47C021F2605FB31003CED80 /* SceneDelegate.swift */ = {isa = PBXFileReference; lastKnownFileType = sourcecode.swift; path = SceneDelegate.swift; sourceTree = "<group>"; };
		C47C02212605FB31003CED80 /* ViewController.swift */ = {isa = PBXFileReference; lastKnownFileType = sourcecode.swift; path = ViewController.swift; sourceTree = "<group>"; };
		C47C02242605FB31003CED80 /* Base */ = {isa = PBXFileReference; lastKnownFileType = file.storyboard; name = Base; path = Base.lproj/Main.storyboard; sourceTree = "<group>"; };
		C47C02262605FB3B003CED80 /* Assets.xcassets */ = {isa = PBXFileReference; lastKnownFileType = folder.assetcatalog; path = Assets.xcassets; sourceTree = "<group>"; };
		C47C02292605FB3B003CED80 /* Base */ = {isa = PBXFileReference; lastKnownFileType = file.storyboard; name = Base; path = Base.lproj/LaunchScreen.storyboard; sourceTree = "<group>"; };
		C47C022B2605FB3B003CED80 /* Info.plist */ = {isa = PBXFileReference; lastKnownFileType = text.plist.xml; path = Info.plist; sourceTree = "<group>"; };
		C47C02352605FD06003CED80 /* FreelancersAppViewController.swift */ = {isa = PBXFileReference; lastKnownFileType = sourcecode.swift; path = FreelancersAppViewController.swift; sourceTree = "<group>"; };
		C47C02372606042D003CED80 /* SignUpViewController.swift */ = {isa = PBXFileReference; lastKnownFileType = sourcecode.swift; path = SignUpViewController.swift; sourceTree = "<group>"; };
		C47C02392606089B003CED80 /* HomeViewController.swift */ = {isa = PBXFileReference; lastKnownFileType = sourcecode.swift; path = HomeViewController.swift; sourceTree = "<group>"; };
		DFBC077B8B0C9174665CD595 /* Pods-FreelancersApp.release.xcconfig */ = {isa = PBXFileReference; includeInIndex = 1; lastKnownFileType = text.xcconfig; name = "Pods-FreelancersApp.release.xcconfig"; path = "Target Support Files/Pods-FreelancersApp/Pods-FreelancersApp.release.xcconfig"; sourceTree = "<group>"; };
		EAFDCF2532409FACB0ED7B59 /* Pods_FreelancersApp.framework */ = {isa = PBXFileReference; explicitFileType = wrapper.framework; includeInIndex = 0; path = Pods_FreelancersApp.framework; sourceTree = BUILT_PRODUCTS_DIR; };
		F278E9CC260BB32800A91C11 /* Freelancer.swift */ = {isa = PBXFileReference; lastKnownFileType = sourcecode.swift; path = Freelancer.swift; sourceTree = "<group>"; };
		F278E9D0260BC65200A91C11 /* FreelancerDetailsViewController.swift */ = {isa = PBXFileReference; lastKnownFileType = sourcecode.swift; path = FreelancerDetailsViewController.swift; sourceTree = "<group>"; };
/* End PBXFileReference section */

/* Begin PBXFrameworksBuildPhase section */
		C47C02172605FB31003CED80 /* Frameworks */ = {
			isa = PBXFrameworksBuildPhase;
			buildActionMask = 2147483647;
			files = (
				2984C0E320CC13329E8B1AAD /* Pods_FreelancersApp.framework in Frameworks */,
			);
			runOnlyForDeploymentPostprocessing = 0;
		};
/* End PBXFrameworksBuildPhase section */

/* Begin PBXGroup section */
		42219C28266D65F1006B52D8 /* Protocols */ = {
			isa = PBXGroup;
			children = (
				42219C29266D662D006B52D8 /* NotificationProtocol.swift */,
			);
			path = Protocols;
			sourceTree = "<group>";
		};
		426C4F87265063F6004B14B5 /* Cells */ = {
			isa = PBXGroup;
			children = (
				426C4F89265064A4004B14B5 /* MenuTableViewCell.swift */,
				426C4F8A265064A4004B14B5 /* MenuTableViewCell.xib */,
				42EB144D266395630080AAF9 /* ApiTableViewCell.swift */,
				42EB144E266395630080AAF9 /* ApiTableViewCell.xib */,
				42CCD22F2663F1C1003782B7 /* CoreDataTableViewCell.swift */,
				42CCD2302663F1C1003782B7 /* CoreDataTableViewCell.xib */,
			);
			path = Cells;
			sourceTree = "<group>";
		};
		42EB144C266392CC0080AAF9 /* Services */ = {
			isa = PBXGroup;
			children = (
				42EB14562663A1970080AAF9 /* EmployeeService.swift */,
			);
			path = Services;
			sourceTree = "<group>";
		};
		7B33CFA3EA4B8589A0BD4145 /* Pods */ = {
			isa = PBXGroup;
			children = (
				97619585F0B33E0FC61FE9DF /* Pods-FreelancersApp.debug.xcconfig */,
				DFBC077B8B0C9174665CD595 /* Pods-FreelancersApp.release.xcconfig */,
			);
			path = Pods;
			sourceTree = "<group>";
		};
		C16D2CBEC0546DE5DEDDA1DD /* Frameworks */ = {
			isa = PBXGroup;
			children = (
				EAFDCF2532409FACB0ED7B59 /* Pods_FreelancersApp.framework */,
			);
			name = Frameworks;
			sourceTree = "<group>";
		};
		C47C02112605FB31003CED80 = {
			isa = PBXGroup;
			children = (
				C47C021C2605FB31003CED80 /* FreelancersApp */,
				C47C021B2605FB31003CED80 /* Products */,
				7B33CFA3EA4B8589A0BD4145 /* Pods */,
				C16D2CBEC0546DE5DEDDA1DD /* Frameworks */,
			);
			sourceTree = "<group>";
		};
		C47C021B2605FB31003CED80 /* Products */ = {
			isa = PBXGroup;
			children = (
				C47C021A2605FB31003CED80 /* FreelancersApp.app */,
			);
			name = Products;
			sourceTree = "<group>";
		};
		C47C021C2605FB31003CED80 /* FreelancersApp */ = {
			isa = PBXGroup;
			children = (
				42219C28266D65F1006B52D8 /* Protocols */,
				42EB144C266392CC0080AAF9 /* Services */,
				C47C02342605FB99003CED80 /* Controller */,
				C47C02322605FB6A003CED80 /* View */,
				C47C021D2605FB31003CED80 /* AppDelegate.swift */,
				C47C021F2605FB31003CED80 /* SceneDelegate.swift */,
				C47C02262605FB3B003CED80 /* Assets.xcassets */,
				C47C02282605FB3B003CED80 /* LaunchScreen.storyboard */,
				C47C022B2605FB3B003CED80 /* Info.plist */,
				42EB1448266391550080AAF9 /* Employee.xcdatamodeld */,
			);
			path = FreelancersApp;
			sourceTree = "<group>";
		};
		C47C02312605FB61003CED80 /* Model */ = {
			isa = PBXGroup;
			children = (
				42EB145326639DF90080AAF9 /* EmployeeModel.swift */,
				42CCD2262663E8BF003782B7 /* LocationObject.swift */,
			);
			path = Model;
			sourceTree = "<group>";
		};
		C47C02322605FB6A003CED80 /* View */ = {
			isa = PBXGroup;
			children = (
				426C4F87265063F6004B14B5 /* Cells */,
				C47C02232605FB31003CED80 /* Main.storyboard */,
				C47C02312605FB61003CED80 /* Model */,
			);
			path = View;
			sourceTree = "<group>";
		};
		C47C02342605FB99003CED80 /* Controller */ = {
			isa = PBXGroup;
			children = (
				C47C02212605FB31003CED80 /* ViewController.swift */,
				F278E9CC260BB32800A91C11 /* Freelancer.swift */,
				C47C02352605FD06003CED80 /* FreelancersAppViewController.swift */,
				C47C02372606042D003CED80 /* SignUpViewController.swift */,
				C47C02392606089B003CED80 /* HomeViewController.swift */,
				F278E9D0260BC65200A91C11 /* FreelancerDetailsViewController.swift */,
				42B03FE8264FCF3F00CF123A /* WebViewController.swift */,
				426C4F7E26505C56004B14B5 /* MapViewController.swift */,
				426C4F8126505EDD004B14B5 /* TextFieldViewController.swift */,
				426C4F8426505FA2004B14B5 /* MainViewController.swift */,
				42EB144526638F680080AAF9 /* ApiViewController.swift */,
				42CCD22A2663EE8E003782B7 /* CoreDataViewController.swift */,
			);
			path = Controller;
			sourceTree = "<group>";
		};
/* End PBXGroup section */

/* Begin PBXNativeTarget section */
		C47C02192605FB31003CED80 /* FreelancersApp */ = {
			isa = PBXNativeTarget;
			buildConfigurationList = C47C022E2605FB3B003CED80 /* Build configuration list for PBXNativeTarget "FreelancersApp" */;
			buildPhases = (
				5D083B8E543029ED7BF1E651 /* [CP] Check Pods Manifest.lock */,
				C47C02162605FB31003CED80 /* Sources */,
				C47C02172605FB31003CED80 /* Frameworks */,
				C47C02182605FB31003CED80 /* Resources */,
				ABE608FB1ED6AF9D0EBC94D7 /* [CP] Embed Pods Frameworks */,
			);
			buildRules = (
			);
			dependencies = (
			);
			name = FreelancersApp;
			productName = FreelancersApp;
			productReference = C47C021A2605FB31003CED80 /* FreelancersApp.app */;
			productType = "com.apple.product-type.application";
		};
/* End PBXNativeTarget section */

/* Begin PBXProject section */
		C47C02122605FB31003CED80 /* Project object */ = {
			isa = PBXProject;
			attributes = {
				LastSwiftUpdateCheck = 1140;
				LastUpgradeCheck = 1140;
				ORGANIZATIONNAME = cct_edu;
				TargetAttributes = {
					C47C02192605FB31003CED80 = {
						CreatedOnToolsVersion = 11.4.1;
					};
				};
			};
			buildConfigurationList = C47C02152605FB31003CED80 /* Build configuration list for PBXProject "FreelancersApp" */;
			compatibilityVersion = "Xcode 9.3";
			developmentRegion = en;
			hasScannedForEncodings = 0;
			knownRegions = (
				en,
				Base,
			);
			mainGroup = C47C02112605FB31003CED80;
			productRefGroup = C47C021B2605FB31003CED80 /* Products */;
			projectDirPath = "";
			projectRoot = "";
			targets = (
				C47C02192605FB31003CED80 /* FreelancersApp */,
			);
		};
/* End PBXProject section */

/* Begin PBXResourcesBuildPhase section */
		C47C02182605FB31003CED80 /* Resources */ = {
			isa = PBXResourcesBuildPhase;
			buildActionMask = 2147483647;
			files = (
				C47C022A2605FB3B003CED80 /* LaunchScreen.storyboard in Resources */,
				C47C02272605FB3B003CED80 /* Assets.xcassets in Resources */,
				426C4F8C265064A4004B14B5 /* MenuTableViewCell.xib in Resources */,
				C47C02252605FB31003CED80 /* Main.storyboard in Resources */,
				42CCD2322663F1C1003782B7 /* CoreDataTableViewCell.xib in Resources */,
				42EB1450266395630080AAF9 /* ApiTableViewCell.xib in Resources */,
			);
			runOnlyForDeploymentPostprocessing = 0;
		};
/* End PBXResourcesBuildPhase section */

/* Begin PBXShellScriptBuildPhase section */
		5D083B8E543029ED7BF1E651 /* [CP] Check Pods Manifest.lock */ = {
			isa = PBXShellScriptBuildPhase;
			buildActionMask = 2147483647;
			files = (
			);
			inputFileListPaths = (
			);
			inputPaths = (
				"${PODS_PODFILE_DIR_PATH}/Podfile.lock",
				"${PODS_ROOT}/Manifest.lock",
			);
			name = "[CP] Check Pods Manifest.lock";
			outputFileListPaths = (
			);
			outputPaths = (
				"$(DERIVED_FILE_DIR)/Pods-FreelancersApp-checkManifestLockResult.txt",
			);
			runOnlyForDeploymentPostprocessing = 0;
			shellPath = /bin/sh;
			shellScript = "diff \"${PODS_PODFILE_DIR_PATH}/Podfile.lock\" \"${PODS_ROOT}/Manifest.lock\" > /dev/null\nif [ $? != 0 ] ; then\n    # print error to STDERR\n    echo \"error: The sandbox is not in sync with the Podfile.lock. Run 'pod install' or update your CocoaPods installation.\" >&2\n    exit 1\nfi\n# This output is used by Xcode 'outputs' to avoid re-running this script phase.\necho \"SUCCESS\" > \"${SCRIPT_OUTPUT_FILE_0}\"\n";
			showEnvVarsInLog = 0;
		};
		ABE608FB1ED6AF9D0EBC94D7 /* [CP] Embed Pods Frameworks */ = {
			isa = PBXShellScriptBuildPhase;
			buildActionMask = 2147483647;
			files = (
			);
			inputFileListPaths = (
				"${PODS_ROOT}/Target Support Files/Pods-FreelancersApp/Pods-FreelancersApp-frameworks-${CONFIGURATION}-input-files.xcfilelist",
			);
			name = "[CP] Embed Pods Frameworks";
			outputFileListPaths = (
				"${PODS_ROOT}/Target Support Files/Pods-FreelancersApp/Pods-FreelancersApp-frameworks-${CONFIGURATION}-output-files.xcfilelist",
			);
			runOnlyForDeploymentPostprocessing = 0;
			shellPath = /bin/sh;
			shellScript = "\"${PODS_ROOT}/Target Support Files/Pods-FreelancersApp/Pods-FreelancersApp-frameworks.sh\"\n";
			showEnvVarsInLog = 0;
		};
/* End PBXShellScriptBuildPhase section */

/* Begin PBXSourcesBuildPhase section */
		C47C02162605FB31003CED80 /* Sources */ = {
			isa = PBXSourcesBuildPhase;
			buildActionMask = 2147483647;
			files = (
				C47C02222605FB31003CED80 /* ViewController.swift in Sources */,
				42EB14572663A1970080AAF9 /* EmployeeService.swift in Sources */,
				42EB144A266391550080AAF9 /* Employee.xcdatamodeld in Sources */,
				42B03FE9264FCF3F00CF123A /* WebViewController.swift in Sources */,
				C47C021E2605FB31003CED80 /* AppDelegate.swift in Sources */,
				42EB144626638F680080AAF9 /* ApiViewController.swift in Sources */,
				426C4F8526505FA2004B14B5 /* MainViewController.swift in Sources */,
				42CCD2272663E8BF003782B7 /* LocationObject.swift in Sources */,
				42219C2A266D662D006B52D8 /* NotificationProtocol.swift in Sources */,
				426C4F7F26505C56004B14B5 /* MapViewController.swift in Sources */,
				C47C02202605FB31003CED80 /* SceneDelegate.swift in Sources */,
				C47C02362605FD06003CED80 /* FreelancersAppViewController.swift in Sources */,
				42EB145426639DF90080AAF9 /* EmployeeModel.swift in Sources */,
				F278E9D1260BC65200A91C11 /* FreelancerDetailsViewController.swift in Sources */,
				42CCD22B2663EE8E003782B7 /* CoreDataViewController.swift in Sources */,
				426C4F8226505EDD004B14B5 /* TextFieldViewController.swift in Sources */,
				42CCD2312663F1C1003782B7 /* CoreDataTableViewCell.swift in Sources */,
				426C4F8B265064A4004B14B5 /* MenuTableViewCell.swift in Sources */,
				42EB144F266395630080AAF9 /* ApiTableViewCell.swift in Sources */,
				C47C02382606042D003CED80 /* SignUpViewController.swift in Sources */,
				C47C023A2606089B003CED80 /* HomeViewController.swift in Sources */,
				F278E9CD260BB32800A91C11 /* Freelancer.swift in Sources */,
			);
			runOnlyForDeploymentPostprocessing = 0;
		};
/* End PBXSourcesBuildPhase section */

/* Begin PBXVariantGroup section */
		C47C02232605FB31003CED80 /* Main.storyboard */ = {
			isa = PBXVariantGroup;
			children = (
				C47C02242605FB31003CED80 /* Base */,
			);
			name = Main.storyboard;
			sourceTree = "<group>";
		};
		C47C02282605FB3B003CED80 /* LaunchScreen.storyboard */ = {
			isa = PBXVariantGroup;
			children = (
				C47C02292605FB3B003CED80 /* Base */,
			);
			name = LaunchScreen.storyboard;
			sourceTree = "<group>";
		};
/* End PBXVariantGroup section */

/* Begin XCBuildConfiguration section */
		C47C022C2605FB3B003CED80 /* Debug */ = {
			isa = XCBuildConfiguration;
			buildSettings = {
				ALWAYS_SEARCH_USER_PATHS = NO;
				CLANG_ANALYZER_NONNULL = YES;
				CLANG_ANALYZER_NUMBER_OBJECT_CONVERSION = YES_AGGRESSIVE;
				CLANG_CXX_LANGUAGE_STANDARD = "gnu++14";
				CLANG_CXX_LIBRARY = "libc++";
				CLANG_ENABLE_MODULES = YES;
				CLANG_ENABLE_OBJC_ARC = YES;
				CLANG_ENABLE_OBJC_WEAK = YES;
				CLANG_WARN_BLOCK_CAPTURE_AUTORELEASING = YES;
				CLANG_WARN_BOOL_CONVERSION = YES;
				CLANG_WARN_COMMA = YES;
				CLANG_WARN_CONSTANT_CONVERSION = YES;
				CLANG_WARN_DEPRECATED_OBJC_IMPLEMENTATIONS = YES;
				CLANG_WARN_DIRECT_OBJC_ISA_USAGE = YES_ERROR;
				CLANG_WARN_DOCUMENTATION_COMMENTS = YES;
				CLANG_WARN_EMPTY_BODY = YES;
				CLANG_WARN_ENUM_CONVERSION = YES;
				CLANG_WARN_INFINITE_RECURSION = YES;
				CLANG_WARN_INT_CONVERSION = YES;
				CLANG_WARN_NON_LITERAL_NULL_CONVERSION = YES;
				CLANG_WARN_OBJC_IMPLICIT_RETAIN_SELF = YES;
				CLANG_WARN_OBJC_LITERAL_CONVERSION = YES;
				CLANG_WARN_OBJC_ROOT_CLASS = YES_ERROR;
				CLANG_WARN_RANGE_LOOP_ANALYSIS = YES;
				CLANG_WARN_STRICT_PROTOTYPES = YES;
				CLANG_WARN_SUSPICIOUS_MOVE = YES;
				CLANG_WARN_UNGUARDED_AVAILABILITY = YES_AGGRESSIVE;
				CLANG_WARN_UNREACHABLE_CODE = YES;
				CLANG_WARN__DUPLICATE_METHOD_MATCH = YES;
				COPY_PHASE_STRIP = NO;
				DEBUG_INFORMATION_FORMAT = dwarf;
				ENABLE_STRICT_OBJC_MSGSEND = YES;
				ENABLE_TESTABILITY = YES;
				GCC_C_LANGUAGE_STANDARD = gnu11;
				GCC_DYNAMIC_NO_PIC = NO;
				GCC_NO_COMMON_BLOCKS = YES;
				GCC_OPTIMIZATION_LEVEL = 0;
				GCC_PREPROCESSOR_DEFINITIONS = (
					"DEBUG=1",
					"$(inherited)",
				);
				GCC_WARN_64_TO_32_BIT_CONVERSION = YES;
				GCC_WARN_ABOUT_RETURN_TYPE = YES_ERROR;
				GCC_WARN_UNDECLARED_SELECTOR = YES;
				GCC_WARN_UNINITIALIZED_AUTOS = YES_AGGRESSIVE;
				GCC_WARN_UNUSED_FUNCTION = YES;
				GCC_WARN_UNUSED_VARIABLE = YES;
				IPHONEOS_DEPLOYMENT_TARGET = 13.4;
				MTL_ENABLE_DEBUG_INFO = INCLUDE_SOURCE;
				MTL_FAST_MATH = YES;
				ONLY_ACTIVE_ARCH = YES;
				SDKROOT = iphoneos;
				SWIFT_ACTIVE_COMPILATION_CONDITIONS = DEBUG;
				SWIFT_OPTIMIZATION_LEVEL = "-Onone";
			};
			name = Debug;
		};
		C47C022D2605FB3B003CED80 /* Release */ = {
			isa = XCBuildConfiguration;
			buildSettings = {
				ALWAYS_SEARCH_USER_PATHS = NO;
				CLANG_ANALYZER_NONNULL = YES;
				CLANG_ANALYZER_NUMBER_OBJECT_CONVERSION = YES_AGGRESSIVE;
				CLANG_CXX_LANGUAGE_STANDARD = "gnu++14";
				CLANG_CXX_LIBRARY = "libc++";
				CLANG_ENABLE_MODULES = YES;
				CLANG_ENABLE_OBJC_ARC = YES;
				CLANG_ENABLE_OBJC_WEAK = YES;
				CLANG_WARN_BLOCK_CAPTURE_AUTORELEASING = YES;
				CLANG_WARN_BOOL_CONVERSION = YES;
				CLANG_WARN_COMMA = YES;
				CLANG_WARN_CONSTANT_CONVERSION = YES;
				CLANG_WARN_DEPRECATED_OBJC_IMPLEMENTATIONS = YES;
				CLANG_WARN_DIRECT_OBJC_ISA_USAGE = YES_ERROR;
				CLANG_WARN_DOCUMENTATION_COMMENTS = YES;
				CLANG_WARN_EMPTY_BODY = YES;
				CLANG_WARN_ENUM_CONVERSION = YES;
				CLANG_WARN_INFINITE_RECURSION = YES;
				CLANG_WARN_INT_CONVERSION = YES;
				CLANG_WARN_NON_LITERAL_NULL_CONVERSION = YES;
				CLANG_WARN_OBJC_IMPLICIT_RETAIN_SELF = YES;
				CLANG_WARN_OBJC_LITERAL_CONVERSION = YES;
				CLANG_WARN_OBJC_ROOT_CLASS = YES_ERROR;
				CLANG_WARN_RANGE_LOOP_ANALYSIS = YES;
				CLANG_WARN_STRICT_PROTOTYPES = YES;
				CLANG_WARN_SUSPICIOUS_MOVE = YES;
				CLANG_WARN_UNGUARDED_AVAILABILITY = YES_AGGRESSIVE;
				CLANG_WARN_UNREACHABLE_CODE = YES;
				CLANG_WARN__DUPLICATE_METHOD_MATCH = YES;
				COPY_PHASE_STRIP = NO;
				DEBUG_INFORMATION_FORMAT = "dwarf-with-dsym";
				ENABLE_NS_ASSERTIONS = NO;
				ENABLE_STRICT_OBJC_MSGSEND = YES;
				GCC_C_LANGUAGE_STANDARD = gnu11;
				GCC_NO_COMMON_BLOCKS = YES;
				GCC_WARN_64_TO_32_BIT_CONVERSION = YES;
				GCC_WARN_ABOUT_RETURN_TYPE = YES_ERROR;
				GCC_WARN_UNDECLARED_SELECTOR = YES;
				GCC_WARN_UNINITIALIZED_AUTOS = YES_AGGRESSIVE;
				GCC_WARN_UNUSED_FUNCTION = YES;
				GCC_WARN_UNUSED_VARIABLE = YES;
				IPHONEOS_DEPLOYMENT_TARGET = 13.4;
				MTL_ENABLE_DEBUG_INFO = NO;
				MTL_FAST_MATH = YES;
				SDKROOT = iphoneos;
				SWIFT_COMPILATION_MODE = wholemodule;
				SWIFT_OPTIMIZATION_LEVEL = "-O";
				VALIDATE_PRODUCT = YES;
			};
			name = Release;
		};
		C47C022F2605FB3B003CED80 /* Debug */ = {
			isa = XCBuildConfiguration;
			baseConfigurationReference = 97619585F0B33E0FC61FE9DF /* Pods-FreelancersApp.debug.xcconfig */;
			buildSettings = {
				ASSETCATALOG_COMPILER_APPICON_NAME = AppIcon;
				CODE_SIGN_STYLE = Automatic;
				INFOPLIST_FILE = FreelancersApp/Info.plist;
				LD_RUNPATH_SEARCH_PATHS = (
					"$(inherited)",
					"@executable_path/Frameworks",
				);
				PRODUCT_BUNDLE_IDENTIFIER = com.cacttus.FreelancersApp;
				PRODUCT_NAME = "$(TARGET_NAME)";
				SWIFT_VERSION = 5.0;
				TARGETED_DEVICE_FAMILY = "1,2";
			};
			name = Debug;
		};
		C47C02302605FB3B003CED80 /* Release */ = {
			isa = XCBuildConfiguration;
			baseConfigurationReference = DFBC077B8B0C9174665CD595 /* Pods-FreelancersApp.release.xcconfig */;
			buildSettings = {
				ASSETCATALOG_COMPILER_APPICON_NAME = AppIcon;
				CODE_SIGN_STYLE = Automatic;
				INFOPLIST_FILE = FreelancersApp/Info.plist;
				LD_RUNPATH_SEARCH_PATHS = (
					"$(inherited)",
					"@executable_path/Frameworks",
				);
				PRODUCT_BUNDLE_IDENTIFIER = com.cacttus.FreelancersApp;
				PRODUCT_NAME = "$(TARGET_NAME)";
				SWIFT_VERSION = 5.0;
				TARGETED_DEVICE_FAMILY = "1,2";
			};
			name = Release;
		};
/* End XCBuildConfiguration section */

/* Begin XCConfigurationList section */
		C47C02152605FB31003CED80 /* Build configuration list for PBXProject "FreelancersApp" */ = {
			isa = XCConfigurationList;
			buildConfigurations = (
				C47C022C2605FB3B003CED80 /* Debug */,
				C47C022D2605FB3B003CED80 /* Release */,
			);
			defaultConfigurationIsVisible = 0;
			defaultConfigurationName = Release;
		};
		C47C022E2605FB3B003CED80 /* Build configuration list for PBXNativeTarget "FreelancersApp" */ = {
			isa = XCConfigurationList;
			buildConfigurations = (
				C47C022F2605FB3B003CED80 /* Debug */,
				C47C02302605FB3B003CED80 /* Release */,
			);
			defaultConfigurationIsVisible = 0;
			defaultConfigurationName = Release;
		};
/* End XCConfigurationList section */

/* Begin XCVersionGroup section */
		42EB1448266391550080AAF9 /* Employee.xcdatamodeld */ = {
			isa = XCVersionGroup;
			children = (
				42EB1449266391550080AAF9 /* Employee.xcdatamodel */,
			);
			currentVersion = 42EB1449266391550080AAF9 /* Employee.xcdatamodel */;
			path = Employee.xcdatamodeld;
			sourceTree = "<group>";
			versionGroupType = wrapper.xcdatamodel;
		};
/* End XCVersionGroup section */
	};
	rootObject = C47C02122605FB31003CED80 /* Project object */;
}
